
Microsoft Visual Studio Solution File, Format Version 12.00
# Visual Studio Version 16
VisualStudioVersion = 16.0.29509.3
MinimumVisualStudioVersion = 10.0.40219.1
Project("{FAE04EC0-301F-11D3-BF4B-00C04F79EFBC}") = "Kwadrat", "Kwadrat\Kwadrat.csproj", "{86715776-A2AD-48A3-9291-C66235DE09FA}"
EndProject
Project("{FAE04EC0-301F-11D3-BF4B-00C04F79EFBC}") = "KwadratTests", "KwadratTests\KwadratTests.csproj", "{64B80D87-9CB0-4437-A67C-42EB8842B9FC}"
EndProject
Global
	GlobalSection(SolutionConfigurationPlatforms) = preSolution
		Debug|Any CPU = Debug|Any CPU
		Release|Any CPU = Release|Any CPU
	EndGlobalSection
	GlobalSection(ProjectConfigurationPlatforms) = postSolution
		{86715776-A2AD-48A3-9291-C66235DE09FA}.Debug|Any CPU.ActiveCfg = Debug|Any CPU
		{86715776-A2AD-48A3-9291-C66235DE09FA}.Debug|Any CPU.Build.0 = Debug|Any CPU
		{86715776-A2AD-48A3-9291-C66235DE09FA}.Release|Any CPU.ActiveCfg = Release|Any CPU
		{86715776-A2AD-48A3-9291-C66235DE09FA}.Release|Any CPU.Build.0 = Release|Any CPU
		{64B80D87-9CB0-4437-A67C-42EB8842B9FC}.Debug|Any CPU.ActiveCfg = Debug|Any CPU
		{64B80D87-9CB0-4437-A67C-42EB8842B9FC}.Debug|Any CPU.Build.0 = Debug|Any CPU
		{64B80D87-9CB0-4437-A67C-42EB8842B9FC}.Release|Any CPU.ActiveCfg = Release|Any CPU
		{64B80D87-9CB0-4437-A67C-42EB8842B9FC}.Release|Any CPU.Build.0 = Release|Any CPU
	EndGlobalSection
	GlobalSection(SolutionProperties) = preSolution
		HideSolutionNode = FALSE
	EndGlobalSection
	GlobalSection(ExtensibilityGlobals) = postSolution
		SolutionGuid = {195C270E-8B84-441E-AADC-3502959FAF9E}
	EndGlobalSection
EndGlobal
