
Microsoft Visual Studio Solution File, Format Version 12.00
# Visual Studio Version 16
VisualStudioVersion = 16.0.31205.134
MinimumVisualStudioVersion = 10.0.40219.1
Project("{FAE04EC0-301F-11D3-BF4B-00C04F79EFBC}") = "GitBay2", "GitBay2\GitBay2.csproj", "{52BEBFFD-D26C-4E92-9486-A61C8EC26F0E}"
EndProject
Project("{FAE04EC0-301F-11D3-BF4B-00C04F79EFBC}") = "GitBay2Tests", "GitBay2Tests\GitBay2Tests.csproj", "{35DC4E95-6B5D-43DB-AE73-16508C0267DC}"
EndProject
Project("{FAE04EC0-301F-11D3-BF4B-00C04F79EFBC}") = "Client", "Client\Client.csproj", "{51067693-7A98-4A5F-8306-EF5E557FD3A4}"
EndProject
Project("{9A19103F-16F7-4668-BE54-9A1E7A4F7556}") = "GitBay2.ConsoleClient", "GitBay2.ConsoleClient\GitBay2.ConsoleClient.csproj", "{16710BF1-5F27-4F53-9F74-5B7A95555939}"
EndProject
Project("{FAE04EC0-301F-11D3-BF4B-00C04F79EFBC}") = "GitBay2.ConsoleServer", "Gitbay2.ConsoleServer\GitBay2.ConsoleServer.csproj", "{D0BBDF26-52F6-4472-9AF1-DB32D29DF246}"
EndProject
Global
	GlobalSection(SolutionConfigurationPlatforms) = preSolution
		Debug|Any CPU = Debug|Any CPU
		Release|Any CPU = Release|Any CPU
	EndGlobalSection
	GlobalSection(ProjectConfigurationPlatforms) = postSolution
		{52BEBFFD-D26C-4E92-9486-A61C8EC26F0E}.Debug|Any CPU.ActiveCfg = Debug|Any CPU
		{52BEBFFD-D26C-4E92-9486-A61C8EC26F0E}.Debug|Any CPU.Build.0 = Debug|Any CPU
		{52BEBFFD-D26C-4E92-9486-A61C8EC26F0E}.Release|Any CPU.ActiveCfg = Release|Any CPU
		{52BEBFFD-D26C-4E92-9486-A61C8EC26F0E}.Release|Any CPU.Build.0 = Release|Any CPU
		{35DC4E95-6B5D-43DB-AE73-16508C0267DC}.Debug|Any CPU.ActiveCfg = Debug|Any CPU
		{35DC4E95-6B5D-43DB-AE73-16508C0267DC}.Debug|Any CPU.Build.0 = Debug|Any CPU
		{35DC4E95-6B5D-43DB-AE73-16508C0267DC}.Release|Any CPU.ActiveCfg = Release|Any CPU
		{35DC4E95-6B5D-43DB-AE73-16508C0267DC}.Release|Any CPU.Build.0 = Release|Any CPU
		{51067693-7A98-4A5F-8306-EF5E557FD3A4}.Debug|Any CPU.ActiveCfg = Debug|Any CPU
		{51067693-7A98-4A5F-8306-EF5E557FD3A4}.Debug|Any CPU.Build.0 = Debug|Any CPU
		{51067693-7A98-4A5F-8306-EF5E557FD3A4}.Release|Any CPU.ActiveCfg = Release|Any CPU
		{51067693-7A98-4A5F-8306-EF5E557FD3A4}.Release|Any CPU.Build.0 = Release|Any CPU
		{16710BF1-5F27-4F53-9F74-5B7A95555939}.Debug|Any CPU.ActiveCfg = Debug|Any CPU
		{16710BF1-5F27-4F53-9F74-5B7A95555939}.Debug|Any CPU.Build.0 = Debug|Any CPU
		{16710BF1-5F27-4F53-9F74-5B7A95555939}.Release|Any CPU.ActiveCfg = Release|Any CPU
		{16710BF1-5F27-4F53-9F74-5B7A95555939}.Release|Any CPU.Build.0 = Release|Any CPU
		{D0BBDF26-52F6-4472-9AF1-DB32D29DF246}.Debug|Any CPU.ActiveCfg = Debug|Any CPU
		{D0BBDF26-52F6-4472-9AF1-DB32D29DF246}.Debug|Any CPU.Build.0 = Debug|Any CPU
		{D0BBDF26-52F6-4472-9AF1-DB32D29DF246}.Release|Any CPU.ActiveCfg = Release|Any CPU
		{D0BBDF26-52F6-4472-9AF1-DB32D29DF246}.Release|Any CPU.Build.0 = Release|Any CPU
	EndGlobalSection
	GlobalSection(SolutionProperties) = preSolution
		HideSolutionNode = FALSE
	EndGlobalSection
	GlobalSection(ExtensibilityGlobals) = postSolution
		SolutionGuid = {6E32DD68-B5ED-4F2E-8703-E432C16BF18F}
	EndGlobalSection
EndGlobal
